// !$*UTF8*$!
{
	archiveVersion = 1;
	classes = {
	};
	objectVersion = 46;
	objects = {

/* Begin PBXBuildFile section */
		EB9AA522182E10920084FE62 /* SecondCollectionViewController.m in Sources */ = {isa = PBXBuildFile; fileRef = EB9AA521182E10920084FE62 /* SecondCollectionViewController.m */; };
		EB9AA525182E171C0084FE62 /* SecondCollectionViewCell.m in Sources */ = {isa = PBXBuildFile; fileRef = EB9AA524182E171C0084FE62 /* SecondCollectionViewCell.m */; };
		EBCC47601830C30B0014082C /* TestViewController.m in Sources */ = {isa = PBXBuildFile; fileRef = EBCC475F1830C30B0014082C /* TestViewController.m */; };
		EBCC4763183105F10014082C /* Singleton.m in Sources */ = {isa = PBXBuildFile; fileRef = EBCC4762183105F10014082C /* Singleton.m */; };
		EBDDC1B1182BBF8800058C38 /* Foundation.framework in Frameworks */ = {isa = PBXBuildFile; fileRef = EBDDC1B0182BBF8800058C38 /* Foundation.framework */; };
		EBDDC1B3182BBF8800058C38 /* CoreGraphics.framework in Frameworks */ = {isa = PBXBuildFile; fileRef = EBDDC1B2182BBF8800058C38 /* CoreGraphics.framework */; };
		EBDDC1B5182BBF8800058C38 /* UIKit.framework in Frameworks */ = {isa = PBXBuildFile; fileRef = EBDDC1B4182BBF8800058C38 /* UIKit.framework */; };
		EBDDC1B7182BBF8800058C38 /* CoreData.framework in Frameworks */ = {isa = PBXBuildFile; fileRef = EBDDC1B6182BBF8800058C38 /* CoreData.framework */; };
		EBDDC1BD182BBF8800058C38 /* InfoPlist.strings in Resources */ = {isa = PBXBuildFile; fileRef = EBDDC1BB182BBF8800058C38 /* InfoPlist.strings */; };
		EBDDC1BF182BBF8800058C38 /* main.m in Sources */ = {isa = PBXBuildFile; fileRef = EBDDC1BE182BBF8800058C38 /* main.m */; };
		EBDDC1C3182BBF8800058C38 /* AppDelegate.m in Sources */ = {isa = PBXBuildFile; fileRef = EBDDC1C2182BBF8800058C38 /* AppDelegate.m */; };
		EBDDC1C6182BBF8800058C38 /* Main.storyboard in Resources */ = {isa = PBXBuildFile; fileRef = EBDDC1C4182BBF8800058C38 /* Main.storyboard */; };
		EBDDC1C9182BBF8800058C38 /* PhotoViewer.xcdatamodeld in Sources */ = {isa = PBXBuildFile; fileRef = EBDDC1C7182BBF8800058C38 /* PhotoViewer.xcdatamodeld */; };
		EBDDC1D1182BBF8800058C38 /* Images.xcassets in Resources */ = {isa = PBXBuildFile; fileRef = EBDDC1D0182BBF8800058C38 /* Images.xcassets */; };
		EBDDC1D8182BBF8800058C38 /* XCTest.framework in Frameworks */ = {isa = PBXBuildFile; fileRef = EBDDC1D7182BBF8800058C38 /* XCTest.framework */; };
		EBDDC1D9182BBF8800058C38 /* Foundation.framework in Frameworks */ = {isa = PBXBuildFile; fileRef = EBDDC1B0182BBF8800058C38 /* Foundation.framework */; };
		EBDDC1DA182BBF8800058C38 /* UIKit.framework in Frameworks */ = {isa = PBXBuildFile; fileRef = EBDDC1B4182BBF8800058C38 /* UIKit.framework */; };
		EBDDC1DB182BBF8800058C38 /* CoreData.framework in Frameworks */ = {isa = PBXBuildFile; fileRef = EBDDC1B6182BBF8800058C38 /* CoreData.framework */; };
		EBDDC1E3182BBF8800058C38 /* InfoPlist.strings in Resources */ = {isa = PBXBuildFile; fileRef = EBDDC1E1182BBF8800058C38 /* InfoPlist.strings */; };
		EBDDC1E5182BBF8800058C38 /* PhotoViewerTests.m in Sources */ = {isa = PBXBuildFile; fileRef = EBDDC1E4182BBF8800058C38 /* PhotoViewerTests.m */; };
		EBDDC1F0182CA95900058C38 /* MyCollectionViewController.m in Sources */ = {isa = PBXBuildFile; fileRef = EBDDC1EF182CA95900058C38 /* MyCollectionViewController.m */; };
		EBDDC1F6182CAFC800058C38 /* MyCollectionCell.m in Sources */ = {isa = PBXBuildFile; fileRef = EBDDC1F5182CAFC800058C38 /* MyCollectionCell.m */; };
		EBDDC202182CC3AE00058C38 /* cute_nature-HD.jpg in Resources */ = {isa = PBXBuildFile; fileRef = EBDDC1F7182CC3AE00058C38 /* cute_nature-HD.jpg */; };
		EBDDC203182CC3AE00058C38 /* download (1).jpeg in Resources */ = {isa = PBXBuildFile; fileRef = EBDDC1F8182CC3AE00058C38 /* download (1).jpeg */; };
		EBDDC204182CC3AE00058C38 /* download.jpeg in Resources */ = {isa = PBXBuildFile; fileRef = EBDDC1F9182CC3AE00058C38 /* download.jpeg */; };
		EBDDC205182CC3AE00058C38 /* eight.jpg in Resources */ = {isa = PBXBuildFile; fileRef = EBDDC1FA182CC3AE00058C38 /* eight.jpg */; };
		EBDDC206182CC3AE00058C38 /* five.jpg in Resources */ = {isa = PBXBuildFile; fileRef = EBDDC1FB182CC3AE00058C38 /* five.jpg */; };
		EBDDC207182CC3AE00058C38 /* four.jpg in Resources */ = {isa = PBXBuildFile; fileRef = EBDDC1FC182CC3AE00058C38 /* four.jpg */; };
		EBDDC208182CC3AE00058C38 /* images.jpeg in Resources */ = {isa = PBXBuildFile; fileRef = EBDDC1FD182CC3AE00058C38 /* images.jpeg */; };
		EBDDC209182CC3AE00058C38 /* index.jpg in Resources */ = {isa = PBXBuildFile; fileRef = EBDDC1FE182CC3AE00058C38 /* index.jpg */; };
		EBDDC20A182CC3AE00058C38 /* seven.JPG in Resources */ = {isa = PBXBuildFile; fileRef = EBDDC1FF182CC3AE00058C38 /* seven.JPG */; };
		EBDDC20B182CC3AE00058C38 /* six.jpg in Resources */ = {isa = PBXBuildFile; fileRef = EBDDC200182CC3AE00058C38 /* six.jpg */; };
		EBDDC20C182CC3AE00058C38 /* two.jpg in Resources */ = {isa = PBXBuildFile; fileRef = EBDDC201182CC3AE00058C38 /* two.jpg */; };
/* End PBXBuildFile section */

/* Begin PBXContainerItemProxy section */
		EBDDC1DC182BBF8800058C38 /* PBXContainerItemProxy */ = {
			isa = PBXContainerItemProxy;
			containerPortal = EBDDC1A5182BBF8800058C38 /* Project object */;
			proxyType = 1;
			remoteGlobalIDString = EBDDC1AC182BBF8800058C38;
			remoteInfo = PhotoViewer;
		};
/* End PBXContainerItemProxy section */

/* Begin PBXFileReference section */
		EB9AA520182E10920084FE62 /* SecondCollectionViewController.h */ = {isa = PBXFileReference; fileEncoding = 4; lastKnownFileType = sourcecode.c.h; path = SecondCollectionViewController.h; sourceTree = "<group>"; };
		EB9AA521182E10920084FE62 /* SecondCollectionViewController.m */ = {isa = PBXFileReference; fileEncoding = 4; lastKnownFileType = sourcecode.c.objc; path = SecondCollectionViewController.m; sourceTree = "<group>"; };
		EB9AA523182E171C0084FE62 /* SecondCollectionViewCell.h */ = {isa = PBXFileReference; fileEncoding = 4; lastKnownFileType = sourcecode.c.h; path = SecondCollectionViewCell.h; sourceTree = "<group>"; };
		EB9AA524182E171C0084FE62 /* SecondCollectionViewCell.m */ = {isa = PBXFileReference; fileEncoding = 4; lastKnownFileType = sourcecode.c.objc; path = SecondCollectionViewCell.m; sourceTree = "<group>"; };
		EBCC475E1830C30B0014082C /* TestViewController.h */ = {isa = PBXFileReference; fileEncoding = 4; lastKnownFileType = sourcecode.c.h; path = TestViewController.h; sourceTree = "<group>"; };
		EBCC475F1830C30B0014082C /* TestViewController.m */ = {isa = PBXFileReference; fileEncoding = 4; lastKnownFileType = sourcecode.c.objc; path = TestViewController.m; sourceTree = "<group>"; };
		EBCC4761183105F10014082C /* Singleton.h */ = {isa = PBXFileReference; fileEncoding = 4; lastKnownFileType = sourcecode.c.h; name = Singleton.h; path = PhotoViewer/Singleton.h; sourceTree = "<group>"; };
		EBCC4762183105F10014082C /* Singleton.m */ = {isa = PBXFileReference; fileEncoding = 4; lastKnownFileType = sourcecode.c.objc; name = Singleton.m; path = PhotoViewer/Singleton.m; sourceTree = "<group>"; };
		EBDDC1AD182BBF8800058C38 /* PhotoViewer.app */ = {isa = PBXFileReference; explicitFileType = wrapper.application; includeInIndex = 0; path = PhotoViewer.app; sourceTree = BUILT_PRODUCTS_DIR; };
		EBDDC1B0182BBF8800058C38 /* Foundation.framework */ = {isa = PBXFileReference; lastKnownFileType = wrapper.framework; name = Foundation.framework; path = System/Library/Frameworks/Foundation.framework; sourceTree = SDKROOT; };
		EBDDC1B2182BBF8800058C38 /* CoreGraphics.framework */ = {isa = PBXFileReference; lastKnownFileType = wrapper.framework; name = CoreGraphics.framework; path = System/Library/Frameworks/CoreGraphics.framework; sourceTree = SDKROOT; };
		EBDDC1B4182BBF8800058C38 /* UIKit.framework */ = {isa = PBXFileReference; lastKnownFileType = wrapper.framework; name = UIKit.framework; path = System/Library/Frameworks/UIKit.framework; sourceTree = SDKROOT; };
		EBDDC1B6182BBF8800058C38 /* CoreData.framework */ = {isa = PBXFileReference; lastKnownFileType = wrapper.framework; name = CoreData.framework; path = System/Library/Frameworks/CoreData.framework; sourceTree = SDKROOT; };
		EBDDC1BA182BBF8800058C38 /* PhotoViewer-Info.plist */ = {isa = PBXFileReference; lastKnownFileType = text.plist.xml; path = "PhotoViewer-Info.plist"; sourceTree = "<group>"; };
		EBDDC1BC182BBF8800058C38 /* en */ = {isa = PBXFileReference; lastKnownFileType = text.plist.strings; name = en; path = en.lproj/InfoPlist.strings; sourceTree = "<group>"; };
		EBDDC1BE182BBF8800058C38 /* main.m */ = {isa = PBXFileReference; lastKnownFileType = sourcecode.c.objc; path = main.m; sourceTree = "<group>"; };
		EBDDC1C0182BBF8800058C38 /* PhotoViewer-Prefix.pch */ = {isa = PBXFileReference; lastKnownFileType = sourcecode.c.h; path = "PhotoViewer-Prefix.pch"; sourceTree = "<group>"; };
		EBDDC1C1182BBF8800058C38 /* AppDelegate.h */ = {isa = PBXFileReference; lastKnownFileType = sourcecode.c.h; path = AppDelegate.h; sourceTree = "<group>"; };
		EBDDC1C2182BBF8800058C38 /* AppDelegate.m */ = {isa = PBXFileReference; lastKnownFileType = sourcecode.c.objc; path = AppDelegate.m; sourceTree = "<group>"; };
		EBDDC1C5182BBF8800058C38 /* Base */ = {isa = PBXFileReference; lastKnownFileType = file.storyboard; name = Base; path = Base.lproj/Main.storyboard; sourceTree = "<group>"; };
		EBDDC1C8182BBF8800058C38 /* PhotoViewer.xcdatamodel */ = {isa = PBXFileReference; lastKnownFileType = wrapper.xcdatamodel; path = PhotoViewer.xcdatamodel; sourceTree = "<group>"; };
		EBDDC1D0182BBF8800058C38 /* Images.xcassets */ = {isa = PBXFileReference; lastKnownFileType = folder.assetcatalog; path = Images.xcassets; sourceTree = "<group>"; };
		EBDDC1D6182BBF8800058C38 /* PhotoViewerTests.xctest */ = {isa = PBXFileReference; explicitFileType = wrapper.cfbundle; includeInIndex = 0; path = PhotoViewerTests.xctest; sourceTree = BUILT_PRODUCTS_DIR; };
		EBDDC1D7182BBF8800058C38 /* XCTest.framework */ = {isa = PBXFileReference; lastKnownFileType = wrapper.framework; name = XCTest.framework; path = Library/Frameworks/XCTest.framework; sourceTree = DEVELOPER_DIR; };
		EBDDC1E0182BBF8800058C38 /* PhotoViewerTests-Info.plist */ = {isa = PBXFileReference; lastKnownFileType = text.plist.xml; path = "PhotoViewerTests-Info.plist"; sourceTree = "<group>"; };
		EBDDC1E2182BBF8800058C38 /* en */ = {isa = PBXFileReference; lastKnownFileType = text.plist.strings; name = en; path = en.lproj/InfoPlist.strings; sourceTree = "<group>"; };
		EBDDC1E4182BBF8800058C38 /* PhotoViewerTests.m */ = {isa = PBXFileReference; lastKnownFileType = sourcecode.c.objc; path = PhotoViewerTests.m; sourceTree = "<group>"; };
		EBDDC1EE182CA95900058C38 /* MyCollectionViewController.h */ = {isa = PBXFileReference; fileEncoding = 4; lastKnownFileType = sourcecode.c.h; path = MyCollectionViewController.h; sourceTree = "<group>"; };
		EBDDC1EF182CA95900058C38 /* MyCollectionViewController.m */ = {isa = PBXFileReference; fileEncoding = 4; lastKnownFileType = sourcecode.c.objc; path = MyCollectionViewController.m; sourceTree = "<group>"; };
		EBDDC1F4182CAFC800058C38 /* MyCollectionCell.h */ = {isa = PBXFileReference; fileEncoding = 4; lastKnownFileType = sourcecode.c.h; path = MyCollectionCell.h; sourceTree = "<group>"; };
		EBDDC1F5182CAFC800058C38 /* MyCollectionCell.m */ = {isa = PBXFileReference; fileEncoding = 4; lastKnownFileType = sourcecode.c.objc; path = MyCollectionCell.m; sourceTree = "<group>"; };
		EBDDC1F7182CC3AE00058C38 /* cute_nature-HD.jpg */ = {isa = PBXFileReference; lastKnownFileType = image.jpeg; path = "cute_nature-HD.jpg"; sourceTree = "<group>"; };
		EBDDC1F8182CC3AE00058C38 /* download (1).jpeg */ = {isa = PBXFileReference; lastKnownFileType = image.jpeg; path = "download (1).jpeg"; sourceTree = "<group>"; };
		EBDDC1F9182CC3AE00058C38 /* download.jpeg */ = {isa = PBXFileReference; lastKnownFileType = image.jpeg; path = download.jpeg; sourceTree = "<group>"; };
		EBDDC1FA182CC3AE00058C38 /* eight.jpg */ = {isa = PBXFileReference; lastKnownFileType = image.jpeg; path = eight.jpg; sourceTree = "<group>"; };
		EBDDC1FB182CC3AE00058C38 /* five.jpg */ = {isa = PBXFileReference; lastKnownFileType = image.jpeg; path = five.jpg; sourceTree = "<group>"; };
		EBDDC1FC182CC3AE00058C38 /* four.jpg */ = {isa = PBXFileReference; lastKnownFileType = image.jpeg; path = four.jpg; sourceTree = "<group>"; };
		EBDDC1FD182CC3AE00058C38 /* images.jpeg */ = {isa = PBXFileReference; lastKnownFileType = image.jpeg; path = images.jpeg; sourceTree = "<group>"; };
		EBDDC1FE182CC3AE00058C38 /* index.jpg */ = {isa = PBXFileReference; lastKnownFileType = image.jpeg; path = index.jpg; sourceTree = "<group>"; };
		EBDDC1FF182CC3AE00058C38 /* seven.JPG */ = {isa = PBXFileReference; lastKnownFileType = image.jpeg; path = seven.JPG; sourceTree = "<group>"; };
		EBDDC200182CC3AE00058C38 /* six.jpg */ = {isa = PBXFileReference; lastKnownFileType = image.jpeg; path = six.jpg; sourceTree = "<group>"; };
		EBDDC201182CC3AE00058C38 /* two.jpg */ = {isa = PBXFileReference; lastKnownFileType = image.jpeg; path = two.jpg; sourceTree = "<group>"; };
/* End PBXFileReference section */

/* Begin PBXFrameworksBuildPhase section */
		EBDDC1AA182BBF8800058C38 /* Frameworks */ = {
			isa = PBXFrameworksBuildPhase;
			buildActionMask = 2147483647;
			files = (
				EBDDC1B3182BBF8800058C38 /* CoreGraphics.framework in Frameworks */,
				EBDDC1B7182BBF8800058C38 /* CoreData.framework in Frameworks */,
				EBDDC1B5182BBF8800058C38 /* UIKit.framework in Frameworks */,
				EBDDC1B1182BBF8800058C38 /* Foundation.framework in Frameworks */,
			);
			runOnlyForDeploymentPostprocessing = 0;
		};
		EBDDC1D3182BBF8800058C38 /* Frameworks */ = {
			isa = PBXFrameworksBuildPhase;
			buildActionMask = 2147483647;
			files = (
				EBDDC1D8182BBF8800058C38 /* XCTest.framework in Frameworks */,
				EBDDC1DB182BBF8800058C38 /* CoreData.framework in Frameworks */,
				EBDDC1DA182BBF8800058C38 /* UIKit.framework in Frameworks */,
				EBDDC1D9182BBF8800058C38 /* Foundation.framework in Frameworks */,
			);
			runOnlyForDeploymentPostprocessing = 0;
		};
/* End PBXFrameworksBuildPhase section */

/* Begin PBXGroup section */
		EBDDC1A4182BBF8800058C38 = {
			isa = PBXGroup;
			children = (
				EBCC4761183105F10014082C /* Singleton.h */,
				EBCC4762183105F10014082C /* Singleton.m */,
				EBDDC1B8182BBF8800058C38 /* PhotoViewer */,
				EBDDC1DE182BBF8800058C38 /* PhotoViewerTests */,
				EBDDC1AF182BBF8800058C38 /* Frameworks */,
				EBDDC1AE182BBF8800058C38 /* Products */,
			);
			sourceTree = "<group>";
		};
		EBDDC1AE182BBF8800058C38 /* Products */ = {
			isa = PBXGroup;
			children = (
				EBDDC1AD182BBF8800058C38 /* PhotoViewer.app */,
				EBDDC1D6182BBF8800058C38 /* PhotoViewerTests.xctest */,
			);
			name = Products;
			sourceTree = "<group>";
		};
		EBDDC1AF182BBF8800058C38 /* Frameworks */ = {
			isa = PBXGroup;
			children = (
				EBDDC1B0182BBF8800058C38 /* Foundation.framework */,
				EBDDC1B2182BBF8800058C38 /* CoreGraphics.framework */,
				EBDDC1B4182BBF8800058C38 /* UIKit.framework */,
				EBDDC1B6182BBF8800058C38 /* CoreData.framework */,
				EBDDC1D7182BBF8800058C38 /* XCTest.framework */,
			);
			name = Frameworks;
			sourceTree = "<group>";
		};
		EBDDC1B8182BBF8800058C38 /* PhotoViewer */ = {
			isa = PBXGroup;
			children = (
				EBDDC1C1182BBF8800058C38 /* AppDelegate.h */,
				EBDDC1C2182BBF8800058C38 /* AppDelegate.m */,
				EBDDC1C4182BBF8800058C38 /* Main.storyboard */,
				EBDDC1EE182CA95900058C38 /* MyCollectionViewController.h */,
				EBDDC1EF182CA95900058C38 /* MyCollectionViewController.m */,
				EBDDC1F4182CAFC800058C38 /* MyCollectionCell.h */,
				EBDDC1F5182CAFC800058C38 /* MyCollectionCell.m */,
				EB9AA520182E10920084FE62 /* SecondCollectionViewController.h */,
				EB9AA521182E10920084FE62 /* SecondCollectionViewController.m */,
				EB9AA523182E171C0084FE62 /* SecondCollectionViewCell.h */,
				EB9AA524182E171C0084FE62 /* SecondCollectionViewCell.m */,
				EBCC475E1830C30B0014082C /* TestViewController.h */,
				EBCC475F1830C30B0014082C /* TestViewController.m */,
				EBDDC1D0182BBF8800058C38 /* Images.xcassets */,
				EBDDC1C7182BBF8800058C38 /* PhotoViewer.xcdatamodeld */,
				EBDDC1B9182BBF8800058C38 /* Supporting Files */,
			);
			path = PhotoViewer;
			sourceTree = "<group>";
		};
		EBDDC1B9182BBF8800058C38 /* Supporting Files */ = {
			isa = PBXGroup;
			children = (
				EBDDC1F7182CC3AE00058C38 /* cute_nature-HD.jpg */,
				EBDDC1F8182CC3AE00058C38 /* download (1).jpeg */,
				EBDDC1F9182CC3AE00058C38 /* download.jpeg */,
				EBDDC1FA182CC3AE00058C38 /* eight.jpg */,
				EBDDC1FB182CC3AE00058C38 /* five.jpg */,
				EBDDC1FC182CC3AE00058C38 /* four.jpg */,
				EBDDC1FD182CC3AE00058C38 /* images.jpeg */,
				EBDDC1FE182CC3AE00058C38 /* index.jpg */,
				EBDDC1FF182CC3AE00058C38 /* seven.JPG */,
				EBDDC200182CC3AE00058C38 /* six.jpg */,
				EBDDC201182CC3AE00058C38 /* two.jpg */,
				EBDDC1BA182BBF8800058C38 /* PhotoViewer-Info.plist */,
				EBDDC1BB182BBF8800058C38 /* InfoPlist.strings */,
				EBDDC1BE182BBF8800058C38 /* main.m */,
				EBDDC1C0182BBF8800058C38 /* PhotoViewer-Prefix.pch */,
			);
			name = "Supporting Files";
			sourceTree = "<group>";
		};
		EBDDC1DE182BBF8800058C38 /* PhotoViewerTests */ = {
			isa = PBXGroup;
			children = (
				EBDDC1E4182BBF8800058C38 /* PhotoViewerTests.m */,
				EBDDC1DF182BBF8800058C38 /* Supporting Files */,
			);
			path = PhotoViewerTests;
			sourceTree = "<group>";
		};
		EBDDC1DF182BBF8800058C38 /* Supporting Files */ = {
			isa = PBXGroup;
			children = (
				EBDDC1E0182BBF8800058C38 /* PhotoViewerTests-Info.plist */,
				EBDDC1E1182BBF8800058C38 /* InfoPlist.strings */,
			);
			name = "Supporting Files";
			sourceTree = "<group>";
		};
/* End PBXGroup section */

/* Begin PBXNativeTarget section */
		EBDDC1AC182BBF8800058C38 /* PhotoViewer */ = {
			isa = PBXNativeTarget;
			buildConfigurationList = EBDDC1E8182BBF8800058C38 /* Build configuration list for PBXNativeTarget "PhotoViewer" */;
			buildPhases = (
				EBDDC1A9182BBF8800058C38 /* Sources */,
				EBDDC1AA182BBF8800058C38 /* Frameworks */,
				EBDDC1AB182BBF8800058C38 /* Resources */,
			);
			buildRules = (
			);
			dependencies = (
			);
			name = PhotoViewer;
			productName = PhotoViewer;
			productReference = EBDDC1AD182BBF8800058C38 /* PhotoViewer.app */;
			productType = "com.apple.product-type.application";
		};
		EBDDC1D5182BBF8800058C38 /* PhotoViewerTests */ = {
			isa = PBXNativeTarget;
			buildConfigurationList = EBDDC1EB182BBF8800058C38 /* Build configuration list for PBXNativeTarget "PhotoViewerTests" */;
			buildPhases = (
				EBDDC1D2182BBF8800058C38 /* Sources */,
				EBDDC1D3182BBF8800058C38 /* Frameworks */,
				EBDDC1D4182BBF8800058C38 /* Resources */,
			);
			buildRules = (
			);
			dependencies = (
				EBDDC1DD182BBF8800058C38 /* PBXTargetDependency */,
			);
			name = PhotoViewerTests;
			productName = PhotoViewerTests;
			productReference = EBDDC1D6182BBF8800058C38 /* PhotoViewerTests.xctest */;
			productType = "com.apple.product-type.bundle.unit-test";
		};
/* End PBXNativeTarget section */

/* Begin PBXProject section */
		EBDDC1A5182BBF8800058C38 /* Project object */ = {
			isa = PBXProject;
			attributes = {
				LastUpgradeCheck = 0500;
				ORGANIZATIONNAME = "Vikash Soni";
				TargetAttributes = {
					EBDDC1D5182BBF8800058C38 = {
						TestTargetID = EBDDC1AC182BBF8800058C38;
					};
				};
			};
			buildConfigurationList = EBDDC1A8182BBF8800058C38 /* Build configuration list for PBXProject "PhotoViewer" */;
			compatibilityVersion = "Xcode 3.2";
			developmentRegion = English;
			hasScannedForEncodings = 0;
			knownRegions = (
				en,
				Base,
			);
			mainGroup = EBDDC1A4182BBF8800058C38;
			productRefGroup = EBDDC1AE182BBF8800058C38 /* Products */;
			projectDirPath = "";
			projectRoot = "";
			targets = (
				EBDDC1AC182BBF8800058C38 /* PhotoViewer */,
				EBDDC1D5182BBF8800058C38 /* PhotoViewerTests */,
			);
		};
/* End PBXProject section */

/* Begin PBXResourcesBuildPhase section */
		EBDDC1AB182BBF8800058C38 /* Resources */ = {
			isa = PBXResourcesBuildPhase;
			buildActionMask = 2147483647;
			files = (
				EBDDC20C182CC3AE00058C38 /* two.jpg in Resources */,
				EBDDC20B182CC3AE00058C38 /* six.jpg in Resources */,
				EBDDC203182CC3AE00058C38 /* download (1).jpeg in Resources */,
				EBDDC20A182CC3AE00058C38 /* seven.JPG in Resources */,
				EBDDC208182CC3AE00058C38 /* images.jpeg in Resources */,
				EBDDC209182CC3AE00058C38 /* index.jpg in Resources */,
				EBDDC206182CC3AE00058C38 /* five.jpg in Resources */,
				EBDDC1D1182BBF8800058C38 /* Images.xcassets in Resources */,
				EBDDC205182CC3AE00058C38 /* eight.jpg in Resources */,
				EBDDC207182CC3AE00058C38 /* four.jpg in Resources */,
				EBDDC202182CC3AE00058C38 /* cute_nature-HD.jpg in Resources */,
				EBDDC1BD182BBF8800058C38 /* InfoPlist.strings in Resources */,
				EBDDC1C6182BBF8800058C38 /* Main.storyboard in Resources */,
				EBDDC204182CC3AE00058C38 /* download.jpeg in Resources */,
			);
			runOnlyForDeploymentPostprocessing = 0;
		};
		EBDDC1D4182BBF8800058C38 /* Resources */ = {
			isa = PBXResourcesBuildPhase;
			buildActionMask = 2147483647;
			files = (
				EBDDC1E3182BBF8800058C38 /* InfoPlist.strings in Resources */,
			);
			runOnlyForDeploymentPostprocessing = 0;
		};
/* End PBXResourcesBuildPhase section */

/* Begin PBXSourcesBuildPhase section */
		EBDDC1A9182BBF8800058C38 /* Sources */ = {
			isa = PBXSourcesBuildPhase;
			buildActionMask = 2147483647;
			files = (
				EB9AA525182E171C0084FE62 /* SecondCollectionViewCell.m in Sources */,
				EBDDC1F6182CAFC800058C38 /* MyCollectionCell.m in Sources */,
				EBDDC1F0182CA95900058C38 /* MyCollectionViewController.m in Sources */,
				EB9AA522182E10920084FE62 /* SecondCollectionViewController.m in Sources */,
				EBDDC1C9182BBF8800058C38 /* PhotoViewer.xcdatamodeld in Sources */,
				EBDDC1C3182BBF8800058C38 /* AppDelegate.m in Sources */,
				EBCC4763183105F10014082C /* Singleton.m in Sources */,
				EBCC47601830C30B0014082C /* TestViewController.m in Sources */,
				EBDDC1BF182BBF8800058C38 /* main.m in Sources */,
			);
			runOnlyForDeploymentPostprocessing = 0;
		};
		EBDDC1D2182BBF8800058C38 /* Sources */ = {
			isa = PBXSourcesBuildPhase;
			buildActionMask = 2147483647;
			files = (
				EBDDC1E5182BBF8800058C38 /* PhotoViewerTests.m in Sources */,
			);
			runOnlyForDeploymentPostprocessing = 0;
		};
/* End PBXSourcesBuildPhase section */

/* Begin PBXTargetDependency section */
		EBDDC1DD182BBF8800058C38 /* PBXTargetDependency */ = {
			isa = PBXTargetDependency;
			target = EBDDC1AC182BBF8800058C38 /* PhotoViewer */;
			targetProxy = EBDDC1DC182BBF8800058C38 /* PBXContainerItemProxy */;
		};
/* End PBXTargetDependency section */

/* Begin PBXVariantGroup section */
		EBDDC1BB182BBF8800058C38 /* InfoPlist.strings */ = {
			isa = PBXVariantGroup;
			children = (
				EBDDC1BC182BBF8800058C38 /* en */,
			);
			name = InfoPlist.strings;
			sourceTree = "<group>";
		};
		EBDDC1C4182BBF8800058C38 /* Main.storyboard */ = {
			isa = PBXVariantGroup;
			children = (
				EBDDC1C5182BBF8800058C38 /* Base */,
			);
			name = Main.storyboard;
			sourceTree = "<group>";
		};
		EBDDC1E1182BBF8800058C38 /* InfoPlist.strings */ = {
			isa = PBXVariantGroup;
			children = (
				EBDDC1E2182BBF8800058C38 /* en */,
			);
			name = InfoPlist.strings;
			sourceTree = "<group>";
		};
/* End PBXVariantGroup section */

/* Begin XCBuildConfiguration section */
		EBDDC1E6182BBF8800058C38 /* Debug */ = {
			isa = XCBuildConfiguration;
			buildSettings = {
				ALWAYS_SEARCH_USER_PATHS = NO;
				ARCHS = "$(ARCHS_STANDARD_INCLUDING_64_BIT)";
				CLANG_CXX_LANGUAGE_STANDARD = "gnu++0x";
				CLANG_CXX_LIBRARY = "libc++";
				CLANG_ENABLE_MODULES = YES;
				CLANG_ENABLE_OBJC_ARC = YES;
				CLANG_WARN_BOOL_CONVERSION = YES;
				CLANG_WARN_CONSTANT_CONVERSION = YES;
				CLANG_WARN_DIRECT_OBJC_ISA_USAGE = YES_ERROR;
				CLANG_WARN_EMPTY_BODY = YES;
				CLANG_WARN_ENUM_CONVERSION = YES;
				CLANG_WARN_INT_CONVERSION = YES;
				CLANG_WARN_OBJC_ROOT_CLASS = YES_ERROR;
				CLANG_WARN__DUPLICATE_METHOD_MATCH = YES;
				"CODE_SIGN_IDENTITY[sdk=iphoneos*]" = "iPhone Developer";
				COPY_PHASE_STRIP = NO;
				GCC_C_LANGUAGE_STANDARD = gnu99;
				GCC_DYNAMIC_NO_PIC = NO;
				GCC_OPTIMIZATION_LEVEL = 0;
				GCC_PREPROCESSOR_DEFINITIONS = (
					"DEBUG=1",
					"$(inherited)",
				);
				GCC_SYMBOLS_PRIVATE_EXTERN = NO;
				GCC_WARN_64_TO_32_BIT_CONVERSION = YES;
				GCC_WARN_ABOUT_RETURN_TYPE = YES_ERROR;
				GCC_WARN_UNDECLARED_SELECTOR = YES;
				GCC_WARN_UNINITIALIZED_AUTOS = YES;
				GCC_WARN_UNUSED_FUNCTION = YES;
				GCC_WARN_UNUSED_VARIABLE = YES;
				IPHONEOS_DEPLOYMENT_TARGET = 7.0;
				ONLY_ACTIVE_ARCH = YES;
				SDKROOT = iphoneos;
			};
			name = Debug;
		};
		EBDDC1E7182BBF8800058C38 /* Release */ = {
			isa = XCBuildConfiguration;
			buildSettings = {
				ALWAYS_SEARCH_USER_PATHS = NO;
				ARCHS = "$(ARCHS_STANDARD_INCLUDING_64_BIT)";
				CLANG_CXX_LANGUAGE_STANDARD = "gnu++0x";
				CLANG_CXX_LIBRARY = "libc++";
				CLANG_ENABLE_MODULES = YES;
				CLANG_ENABLE_OBJC_ARC = YES;
				CLANG_WARN_BOOL_CONVERSION = YES;
				CLANG_WARN_CONSTANT_CONVERSION = YES;
				CLANG_WARN_DIRECT_OBJC_ISA_USAGE = YES_ERROR;
				CLANG_WARN_EMPTY_BODY = YES;
				CLANG_WARN_ENUM_CONVERSION = YES;
				CLANG_WARN_INT_CONVERSION = YES;
				CLANG_WARN_OBJC_ROOT_CLASS = YES_ERROR;
				CLANG_WARN__DUPLICATE_METHOD_MATCH = YES;
				"CODE_SIGN_IDENTITY[sdk=iphoneos*]" = "iPhone Developer";
				COPY_PHASE_STRIP = YES;
				ENABLE_NS_ASSERTIONS = NO;
				GCC_C_LANGUAGE_STANDARD = gnu99;
				GCC_WARN_64_TO_32_BIT_CONVERSION = YES;
				GCC_WARN_ABOUT_RETURN_TYPE = YES_ERROR;
				GCC_WARN_UNDECLARED_SELECTOR = YES;
				GCC_WARN_UNINITIALIZED_AUTOS = YES;
				GCC_WARN_UNUSED_FUNCTION = YES;
				GCC_WARN_UNUSED_VARIABLE = YES;
				IPHONEOS_DEPLOYMENT_TARGET = 7.0;
				SDKROOT = iphoneos;
				VALIDATE_PRODUCT = YES;
			};
			name = Release;
		};
		EBDDC1E9182BBF8800058C38 /* Debug */ = {
			isa = XCBuildConfiguration;
			buildSettings = {
				ASSETCATALOG_COMPILER_APPICON_NAME = AppIcon;
				ASSETCATALOG_COMPILER_LAUNCHIMAGE_NAME = LaunchImage;
				GCC_PRECOMPILE_PREFIX_HEADER = YES;
				GCC_PREFIX_HEADER = "PhotoViewer/PhotoViewer-Prefix.pch";
				INFOPLIST_FILE = "PhotoViewer/PhotoViewer-Info.plist";
				PRODUCT_NAME = "$(TARGET_NAME)";
				TARGETED_DEVICE_FAMILY = 1;
				WRAPPER_EXTENSION = app;
			};
			name = Debug;
		};
		EBDDC1EA182BBF8800058C38 /* Release */ = {
			isa = XCBuildConfiguration;
			buildSettings = {
				ASSETCATALOG_COMPILER_APPICON_NAME = AppIcon;
				ASSETCATALOG_COMPILER_LAUNCHIMAGE_NAME = LaunchImage;
				GCC_PRECOMPILE_PREFIX_HEADER = YES;
				GCC_PREFIX_HEADER = "PhotoViewer/PhotoViewer-Prefix.pch";
				INFOPLIST_FILE = "PhotoViewer/PhotoViewer-Info.plist";
				PRODUCT_NAME = "$(TARGET_NAME)";
				TARGETED_DEVICE_FAMILY = 1;
				WRAPPER_EXTENSION = app;
			};
			name = Release;
		};
		EBDDC1EC182BBF8800058C38 /* Debug */ = {
			isa = XCBuildConfiguration;
			buildSettings = {
				ARCHS = "$(ARCHS_STANDARD_INCLUDING_64_BIT)";
				BUNDLE_LOADER = "$(BUILT_PRODUCTS_DIR)/PhotoViewer.app/PhotoViewer";
				FRAMEWORK_SEARCH_PATHS = (
					"$(SDKROOT)/Developer/Library/Frameworks",
					"$(inherited)",
					"$(DEVELOPER_FRAMEWORKS_DIR)",
				);
				GCC_PRECOMPILE_PREFIX_HEADER = YES;
				GCC_PREFIX_HEADER = "PhotoViewer/PhotoViewer-Prefix.pch";
				GCC_PREPROCESSOR_DEFINITIONS = (
					"DEBUG=1",
					"$(inherited)",
				);
				INFOPLIST_FILE = "PhotoViewerTests/PhotoViewerTests-Info.plist";
				PRODUCT_NAME = "$(TARGET_NAME)";
				TEST_HOST = "$(BUNDLE_LOADER)";
				WRAPPER_EXTENSION = xctest;
			};
			name = Debug;
		};
		EBDDC1ED182BBF8800058C38 /* Release */ = {
			isa = XCBuildConfiguration;
			buildSettings = {
				ARCHS = "$(ARCHS_STANDARD_INCLUDING_64_BIT)";
				BUNDLE_LOADER = "$(BUILT_PRODUCTS_DIR)/PhotoViewer.app/PhotoViewer";
				FRAMEWORK_SEARCH_PATHS = (
					"$(SDKROOT)/Developer/Library/Frameworks",
					"$(inherited)",
					"$(DEVELOPER_FRAMEWORKS_DIR)",
				);
				GCC_PRECOMPILE_PREFIX_HEADER = YES;
				GCC_PREFIX_HEADER = "PhotoViewer/PhotoViewer-Prefix.pch";
				INFOPLIST_FILE = "PhotoViewerTests/PhotoViewerTests-Info.plist";
				PRODUCT_NAME = "$(TARGET_NAME)";
				TEST_HOST = "$(BUNDLE_LOADER)";
				WRAPPER_EXTENSION = xctest;
			};
			name = Release;
		};
/* End XCBuildConfiguration section */

/* Begin XCConfigurationList section */
		EBDDC1A8182BBF8800058C38 /* Build configuration list for PBXProject "PhotoViewer" */ = {
			isa = XCConfigurationList;
			buildConfigurations = (
				EBDDC1E6182BBF8800058C38 /* Debug */,
				EBDDC1E7182BBF8800058C38 /* Release */,
			);
			defaultConfigurationIsVisible = 0;
			defaultConfigurationName = Release;
		};
		EBDDC1E8182BBF8800058C38 /* Build configuration list for PBXNativeTarget "PhotoViewer" */ = {
			isa = XCConfigurationList;
			buildConfigurations = (
				EBDDC1E9182BBF8800058C38 /* Debug */,
				EBDDC1EA182BBF8800058C38 /* Release */,
			);
			defaultConfigurationIsVisible = 0;
			defaultConfigurationName = Release;
		};
		EBDDC1EB182BBF8800058C38 /* Build configuration list for PBXNativeTarget "PhotoViewerTests" */ = {
			isa = XCConfigurationList;
			buildConfigurations = (
				EBDDC1EC182BBF8800058C38 /* Debug */,
				EBDDC1ED182BBF8800058C38 /* Release */,
			);
			defaultConfigurationIsVisible = 0;
			defaultConfigurationName = Release;
		};
/* End XCConfigurationList section */

/* Begin XCVersionGroup section */
		EBDDC1C7182BBF8800058C38 /* PhotoViewer.xcdatamodeld */ = {
			isa = XCVersionGroup;
			children = (
				EBDDC1C8182BBF8800058C38 /* PhotoViewer.xcdatamodel */,
			);
			currentVersion = EBDDC1C8182BBF8800058C38 /* PhotoViewer.xcdatamodel */;
			path = PhotoViewer.xcdatamodeld;
			sourceTree = "<group>";
			versionGroupType = wrapper.xcdatamodel;
		};
/* End XCVersionGroup section */
	};
	rootObject = EBDDC1A5182BBF8800058C38 /* Project object */;
}
